
Microsoft Visual Studio Solution File, Format Version 12.00
# Visual Studio Version 16
VisualStudioVersion = 16.0.29709.97
MinimumVisualStudioVersion = 10.0.40219.1
Project("{FAE04EC0-301F-11D3-BF4B-00C04F79EFBC}") = "ConsoleApp4", "ConsoleApp4.csproj", "{2DF5F745-EE7E-432A-A2EE-2904469BB675}"
EndProject
Global
	GlobalSection(SolutionConfigurationPlatforms) = preSolution
		Debug|Any CPU = Debug|Any CPU
		Release|Any CPU = Release|Any CPU
	EndGlobalSection
	GlobalSection(ProjectConfigurationPlatforms) = postSolution
		{2DF5F745-EE7E-432A-A2EE-2904469BB675}.Debug|Any CPU.ActiveCfg = Debug|Any CPU
		{2DF5F745-EE7E-432A-A2EE-2904469BB675}.Debug|Any CPU.Build.0 = Debug|Any CPU
		{2DF5F745-EE7E-432A-A2EE-2904469BB675}.Release|Any CPU.ActiveCfg = Release|Any CPU
		{2DF5F745-EE7E-432A-A2EE-2904469BB675}.Release|Any CPU.Build.0 = Release|Any CPU
	EndGlobalSection
	GlobalSection(SolutionProperties) = preSolution
		HideSolutionNode = FALSE
	EndGlobalSection
	GlobalSection(ExtensibilityGlobals) = postSolution
		SolutionGuid = {A8A2A2E3-E222-4C78-80DD-96E504D04662}
	EndGlobalSection
EndGlobal
